// !$*UTF8*$!
{
	archiveVersion = 1;
	classes = {
	};
	objectVersion = 46;
	objects = {

/* Begin PBXBuildFile section */
		FA38B99A1B334D63002F3E5A /* main.m in Sources */ = {isa = PBXBuildFile; fileRef = FA38B9991B334D63002F3E5A /* main.m */; };
		FA38B9A11B334D7D002F3E5A /* AudioToolbox.framework in Frameworks */ = {isa = PBXBuildFile; fileRef = FA38B9A01B334D7D002F3E5A /* AudioToolbox.framework */; };
/* End PBXBuildFile section */

/* Begin PBXCopyFilesBuildPhase section */
		FA38B9941B334D63002F3E5A /* CopyFiles */ = {
			isa = PBXCopyFilesBuildPhase;
			buildActionMask = 2147483647;
			dstPath = /usr/share/man/man1/;
			dstSubfolderSpec = 0;
			files = (
			);
			runOnlyForDeploymentPostprocessing = 1;
		};
/* End PBXCopyFilesBuildPhase section */

/* Begin PBXFileReference section */
		FA38B9961B334D63002F3E5A /* AU */ = {isa = PBXFileReference; explicitFileType = "compiled.mach-o.executable"; includeInIndex = 0; path = AU; sourceTree = BUILT_PRODUCTS_DIR; };
		FA38B9991B334D63002F3E5A /* main.m */ = {isa = PBXFileReference; lastKnownFileType = sourcecode.c.objc; path = main.m; sourceTree = "<group>"; };
		FA38B9A01B334D7D002F3E5A /* AudioToolbox.framework */ = {isa = PBXFileReference; lastKnownFileType = wrapper.framework; name = AudioToolbox.framework; path = System/Library/Frameworks/AudioToolbox.framework; sourceTree = SDKROOT; };
/* End PBXFileReference section */

/* Begin PBXFrameworksBuildPhase section */
		FA38B9931B334D63002F3E5A /* Frameworks */ = {
			isa = PBXFrameworksBuildPhase;
			buildActionMask = 2147483647;
			files = (
				FA38B9A11B334D7D002F3E5A /* AudioToolbox.framework in Frameworks */,
			);
			runOnlyForDeploymentPostprocessing = 0;
		};
/* End PBXFrameworksBuildPhase section */

/* Begin PBXGroup section */
		FA38B98D1B334D63002F3E5A = {
			isa = PBXGroup;
			children = (
				FA38B9A01B334D7D002F3E5A /* AudioToolbox.framework */,
				FA38B9981B334D63002F3E5A /* AU */,
				FA38B9971B334D63002F3E5A /* Products */,
			);
			sourceTree = "<group>";
		};
		FA38B9971B334D63002F3E5A /* Products */ = {
			isa = PBXGroup;
			children = (
				FA38B9961B334D63002F3E5A /* AU */,
			);
			name = Products;
			sourceTree = "<group>";
		};
		FA38B9981B334D63002F3E5A /* AU */ = {
			isa = PBXGroup;
			children = (
				FA38B9991B334D63002F3E5A /* main.m */,
			);
			path = AU;
			sourceTree = "<group>";
		};
/* End PBXGroup section */

/* Begin PBXNativeTarget section */
		FA38B9951B334D63002F3E5A /* AU */ = {
			isa = PBXNativeTarget;
			buildConfigurationList = FA38B99D1B334D63002F3E5A /* Build configuration list for PBXNativeTarget "AU" */;
			buildPhases = (
				FA38B9921B334D63002F3E5A /* Sources */,
				FA38B9931B334D63002F3E5A /* Frameworks */,
				FA38B9941B334D63002F3E5A /* CopyFiles */,
			);
			buildRules = (
			);
			dependencies = (
			);
			name = AU;
			productName = AU;
			productReference = FA38B9961B334D63002F3E5A /* AU */;
			productType = "com.apple.product-type.tool";
		};
/* End PBXNativeTarget section */

/* Begin PBXProject section */
		FA38B98E1B334D63002F3E5A /* Project object */ = {
			isa = PBXProject;
			attributes = {
				LastUpgradeCheck = 0610;
				ORGANIZATIONNAME = home;
				TargetAttributes = {
					FA38B9951B334D63002F3E5A = {
						CreatedOnToolsVersion = 6.1;
					};
				};
			};
			buildConfigurationList = FA38B9911B334D63002F3E5A /* Build configuration list for PBXProject "AU" */;
			compatibilityVersion = "Xcode 3.2";
			developmentRegion = English;
			hasScannedForEncodings = 0;
			knownRegions = (
				en,
			);
			mainGroup = FA38B98D1B334D63002F3E5A;
			productRefGroup = FA38B9971B334D63002F3E5A /* Products */;
			projectDirPath = "";
			projectRoot = "";
			targets = (
				FA38B9951B334D63002F3E5A /* AU */,
			);
		};
/* End PBXProject section */

/* Begin PBXSourcesBuildPhase section */
		FA38B9921B334D63002F3E5A /* Sources */ = {
			isa = PBXSourcesBuildPhase;
			buildActionMask = 2147483647;
			files = (
				FA38B99A1B334D63002F3E5A /* main.m in Sources */,
			);
			runOnlyForDeploymentPostprocessing = 0;
		};
/* End PBXSourcesBuildPhase section */

/* Begin XCBuildConfiguration section */
		FA38B99B1B334D63002F3E5A /* Debug */ = {
			isa = XCBuildConfiguration;
			buildSettings = {
				ALWAYS_SEARCH_USER_PATHS = NO;
				CLANG_CXX_LANGUAGE_STANDARD = "gnu++0x";
				CLANG_CXX_LIBRARY = "libc++";
				CLANG_ENABLE_MODULES = YES;
				CLANG_ENABLE_OBJC_ARC = YES;
				CLANG_WARN_BOOL_CONVERSION = YES;
				CLANG_WARN_CONSTANT_CONVERSION = YES;
				CLANG_WARN_DIRECT_OBJC_ISA_USAGE = YES_ERROR;
				CLANG_WARN_EMPTY_BODY = YES;
				CLANG_WARN_ENUM_CONVERSION = YES;
				CLANG_WARN_INT_CONVERSION = YES;
				CLANG_WARN_OBJC_ROOT_CLASS = YES_ERROR;
				CLANG_WARN_UNREACHABLE_CODE = YES;
				CLANG_WARN__DUPLICATE_METHOD_MATCH = YES;
				COPY_PHASE_STRIP = NO;
				ENABLE_STRICT_OBJC_MSGSEND = YES;
				GCC_C_LANGUAGE_STANDARD = gnu99;
				GCC_DYNAMIC_NO_PIC = NO;
				GCC_OPTIMIZATION_LEVEL = 0;
				GCC_PREPROCESSOR_DEFINITIONS = (
					"DEBUG=1",
					"$(inherited)",
				);
				GCC_SYMBOLS_PRIVATE_EXTERN = NO;
				GCC_WARN_64_TO_32_BIT_CONVERSION = YES;
				GCC_WARN_ABOUT_RETURN_TYPE = YES_ERROR;
				GCC_WARN_UNDECLARED_SELECTOR = YES;
				GCC_WARN_UNINITIALIZED_AUTOS = YES_AGGRESSIVE;
				GCC_WARN_UNUSED_FUNCTION = YES;
				GCC_WARN_UNUSED_VARIABLE = YES;
				MACOSX_DEPLOYMENT_TARGET = 10.10;
				MTL_ENABLE_DEBUG_INFO = YES;
				ONLY_ACTIVE_ARCH = YES;
				SDKROOT = macosx;
			};
			name = Debug;
		};
		FA38B99C1B334D63002F3E5A /* Release */ = {
			isa = XCBuildConfiguration;
			buildSettings = {
				ALWAYS_SEARCH_USER_PATHS = NO;
				CLANG_CXX_LANGUAGE_STANDARD = "gnu++0x";
				CLANG_CXX_LIBRARY = "libc++";
				CLANG_ENABLE_MODULES = YES;
				CLANG_ENABLE_OBJC_ARC = YES;
				CLANG_WARN_BOOL_CONVERSION = YES;
				CLANG_WARN_CONSTANT_CONVERSION = YES;
				CLANG_WARN_DIRECT_OBJC_ISA_USAGE = YES_ERROR;
				CLANG_WARN_EMPTY_BODY = YES;
				CLANG_WARN_ENUM_CONVERSION = YES;
				CLANG_WARN_INT_CONVERSION = YES;
				CLANG_WARN_OBJC_ROOT_CLASS = YES_ERROR;
				CLANG_WARN_UNREACHABLE_CODE = YES;
				CLANG_WARN__DUPLICATE_METHOD_MATCH = YES;
				COPY_PHASE_STRIP = YES;
				DEBUG_INFORMATION_FORMAT = "dwarf-with-dsym";
				ENABLE_NS_ASSERTIONS = NO;
				ENABLE_STRICT_OBJC_MSGSEND = YES;
				GCC_C_LANGUAGE_STANDARD = gnu99;
				GCC_WARN_64_TO_32_BIT_CONVERSION = YES;
				GCC_WARN_ABOUT_RETURN_TYPE = YES_ERROR;
				GCC_WARN_UNDECLARED_SELECTOR = YES;
				GCC_WARN_UNINITIALIZED_AUTOS = YES_AGGRESSIVE;
				GCC_WARN_UNUSED_FUNCTION = YES;
				GCC_WARN_UNUSED_VARIABLE = YES;
				MACOSX_DEPLOYMENT_TARGET = 10.10;
				MTL_ENABLE_DEBUG_INFO = NO;
				SDKROOT = macosx;
			};
			name = Release;
		};
		FA38B99E1B334D63002F3E5A /* Debug */ = {
			isa = XCBuildConfiguration;
			buildSettings = {
				PRODUCT_NAME = "$(TARGET_NAME)";
			};
			name = Debug;
		};
		FA38B99F1B334D63002F3E5A /* Release */ = {
			isa = XCBuildConfiguration;
			buildSettings = {
				PRODUCT_NAME = "$(TARGET_NAME)";
			};
			name = Release;
		};
/* End XCBuildConfiguration section */

/* Begin XCConfigurationList section */
		FA38B9911B334D63002F3E5A /* Build configuration list for PBXProject "AU" */ = {
			isa = XCConfigurationList;
			buildConfigurations = (
				FA38B99B1B334D63002F3E5A /* Debug */,
				FA38B99C1B334D63002F3E5A /* Release */,
			);
			defaultConfigurationIsVisible = 0;
			defaultConfigurationName = Release;
		};
		FA38B99D1B334D63002F3E5A /* Build configuration list for PBXNativeTarget "AU" */ = {
			isa = XCConfigurationList;
			buildConfigurations = (
				FA38B99E1B334D63002F3E5A /* Debug */,
				FA38B99F1B334D63002F3E5A /* Release */,
			);
			defaultConfigurationIsVisible = 0;
		};
/* End XCConfigurationList section */
	};
	rootObject = FA38B98E1B334D63002F3E5A /* Project object */;
}
